// !$*UTF8*$!
{
	archiveVersion = 1;
	classes = {
	};
	objectVersion = 50;
	objects = {

/* Begin PBXBuildFile section */
		1B40ABF021CD483000C36720 /* AppDelegate.m in Sources */ = {isa = PBXBuildFile; fileRef = 1B40ABEF21CD483000C36720 /* AppDelegate.m */; };
		1B40ABF621CD483000C36720 /* Main.storyboard in Resources */ = {isa = PBXBuildFile; fileRef = 1B40ABF421CD483000C36720 /* Main.storyboard */; };
		1B40ABF821CD483100C36720 /* Assets.xcassets in Resources */ = {isa = PBXBuildFile; fileRef = 1B40ABF721CD483100C36720 /* Assets.xcassets */; };
		1B40ABFB21CD483100C36720 /* LaunchScreen.storyboard in Resources */ = {isa = PBXBuildFile; fileRef = 1B40ABF921CD483100C36720 /* LaunchScreen.storyboard */; };
		1B40ABFE21CD483100C36720 /* main.m in Sources */ = {isa = PBXBuildFile; fileRef = 1B40ABFD21CD483100C36720 /* main.m */; };
		1B40AC0C21CD4CFC00C36720 /* SHLMovie.m in Sources */ = {isa = PBXBuildFile; fileRef = 1B40AC0B21CD4CFC00C36720 /* SHLMovie.m */; };
		1B40AC1021CD4D1100C36720 /* SHLMovieController.m in Sources */ = {isa = PBXBuildFile; fileRef = 1B40AC0F21CD4D1100C36720 /* SHLMovieController.m */; };
		1B40AC1321CD4D3300C36720 /* MovieListTableViewController.swift in Sources */ = {isa = PBXBuildFile; fileRef = 1B40AC1221CD4D3300C36720 /* MovieListTableViewController.swift */; };
		1B40AC1521CD4D4500C36720 /* MovieTableViewCell.swift in Sources */ = {isa = PBXBuildFile; fileRef = 1B40AC1421CD4D4500C36720 /* MovieTableViewCell.swift */; };
		1B40AC1721CD605A00C36720 /* APIKeys.plist in Resources */ = {isa = PBXBuildFile; fileRef = 1B40AC1621CD605A00C36720 /* APIKeys.plist */; };
		1B40AC1921CD74DD00C36720 /* MovieDetailViewController.swift in Sources */ = {isa = PBXBuildFile; fileRef = 1B40AC1821CD74DD00C36720 /* MovieDetailViewController.swift */; };
/* End PBXBuildFile section */

/* Begin PBXFileReference section */
		1B40ABEB21CD483000C36720 /* MovieSearch_Assessment_ObjC.app */ = {isa = PBXFileReference; explicitFileType = wrapper.application; includeInIndex = 0; path = MovieSearch_Assessment_ObjC.app; sourceTree = BUILT_PRODUCTS_DIR; };
		1B40ABEE21CD483000C36720 /* AppDelegate.h */ = {isa = PBXFileReference; lastKnownFileType = sourcecode.c.h; path = AppDelegate.h; sourceTree = "<group>"; };
		1B40ABEF21CD483000C36720 /* AppDelegate.m */ = {isa = PBXFileReference; lastKnownFileType = sourcecode.c.objc; path = AppDelegate.m; sourceTree = "<group>"; };
		1B40ABF521CD483000C36720 /* Base */ = {isa = PBXFileReference; lastKnownFileType = file.storyboard; name = Base; path = Base.lproj/Main.storyboard; sourceTree = "<group>"; };
		1B40ABF721CD483100C36720 /* Assets.xcassets */ = {isa = PBXFileReference; lastKnownFileType = folder.assetcatalog; path = Assets.xcassets; sourceTree = "<group>"; };
		1B40ABFA21CD483100C36720 /* Base */ = {isa = PBXFileReference; lastKnownFileType = file.storyboard; name = Base; path = Base.lproj/LaunchScreen.storyboard; sourceTree = "<group>"; };
		1B40ABFC21CD483100C36720 /* Info.plist */ = {isa = PBXFileReference; lastKnownFileType = text.plist.xml; path = Info.plist; sourceTree = "<group>"; };
		1B40ABFD21CD483100C36720 /* main.m */ = {isa = PBXFileReference; lastKnownFileType = sourcecode.c.objc; path = main.m; sourceTree = "<group>"; };
		1B40AC0A21CD4CFC00C36720 /* SHLMovie.h */ = {isa = PBXFileReference; lastKnownFileType = sourcecode.c.h; path = SHLMovie.h; sourceTree = "<group>"; };
		1B40AC0B21CD4CFC00C36720 /* SHLMovie.m */ = {isa = PBXFileReference; lastKnownFileType = sourcecode.c.objc; path = SHLMovie.m; sourceTree = "<group>"; };
		1B40AC0E21CD4D1100C36720 /* SHLMovieController.h */ = {isa = PBXFileReference; lastKnownFileType = sourcecode.c.h; path = SHLMovieController.h; sourceTree = "<group>"; };
		1B40AC0F21CD4D1100C36720 /* SHLMovieController.m */ = {isa = PBXFileReference; lastKnownFileType = sourcecode.c.objc; path = SHLMovieController.m; sourceTree = "<group>"; };
		1B40AC1121CD4D3300C36720 /* MovieSearch_Assessment_ObjC-Bridging-Header.h */ = {isa = PBXFileReference; lastKnownFileType = sourcecode.c.h; path = "MovieSearch_Assessment_ObjC-Bridging-Header.h"; sourceTree = "<group>"; };
		1B40AC1221CD4D3300C36720 /* MovieListTableViewController.swift */ = {isa = PBXFileReference; lastKnownFileType = sourcecode.swift; path = MovieListTableViewController.swift; sourceTree = "<group>"; };
		1B40AC1421CD4D4500C36720 /* MovieTableViewCell.swift */ = {isa = PBXFileReference; lastKnownFileType = sourcecode.swift; path = MovieTableViewCell.swift; sourceTree = "<group>"; };
		1B40AC1621CD605A00C36720 /* APIKeys.plist */ = {isa = PBXFileReference; lastKnownFileType = text.plist.xml; path = APIKeys.plist; sourceTree = "<group>"; };
		1B40AC1821CD74DD00C36720 /* MovieDetailViewController.swift */ = {isa = PBXFileReference; lastKnownFileType = sourcecode.swift; path = MovieDetailViewController.swift; sourceTree = "<group>"; };
/* End PBXFileReference section */

/* Begin PBXFrameworksBuildPhase section */
		1B40ABE821CD483000C36720 /* Frameworks */ = {
			isa = PBXFrameworksBuildPhase;
			buildActionMask = 2147483647;
			files = (
			);
			runOnlyForDeploymentPostprocessing = 0;
		};
/* End PBXFrameworksBuildPhase section */

/* Begin PBXGroup section */
		1B40ABE221CD483000C36720 = {
			isa = PBXGroup;
			children = (
				1B40ABED21CD483000C36720 /* MovieSearch_Assessment_ObjC */,
				1B40ABEC21CD483000C36720 /* Products */,
			);
			sourceTree = "<group>";
		};
		1B40ABEC21CD483000C36720 /* Products */ = {
			isa = PBXGroup;
			children = (
				1B40ABEB21CD483000C36720 /* MovieSearch_Assessment_ObjC.app */,
			);
			name = Products;
			sourceTree = "<group>";
		};
		1B40ABED21CD483000C36720 /* MovieSearch_Assessment_ObjC */ = {
			isa = PBXGroup;
			children = (
				1B40AC0621CD4CBC00C36720 /* Model */,
				1B40AC0821CD4CCF00C36720 /* Model Controllers */,
				1B40AC0921CD4CE200C36720 /* View Controllers */,
				1B40AC0521CD485800C36720 /* UI */,
				1B40AC0421CD485100C36720 /* Resources */,
			);
			path = MovieSearch_Assessment_ObjC;
			sourceTree = "<group>";
		};
		1B40AC0421CD485100C36720 /* Resources */ = {
			isa = PBXGroup;
			children = (
				1B40ABEE21CD483000C36720 /* AppDelegate.h */,
				1B40ABEF21CD483000C36720 /* AppDelegate.m */,
				1B40ABF721CD483100C36720 /* Assets.xcassets */,
				1B40ABFC21CD483100C36720 /* Info.plist */,
				1B40ABFD21CD483100C36720 /* main.m */,
				1B40AC1621CD605A00C36720 /* APIKeys.plist */,
			);
			path = Resources;
			sourceTree = "<group>";
		};
		1B40AC0521CD485800C36720 /* UI */ = {
			isa = PBXGroup;
			children = (
				1B40ABF421CD483000C36720 /* Main.storyboard */,
				1B40ABF921CD483100C36720 /* LaunchScreen.storyboard */,
				1B40AC1421CD4D4500C36720 /* MovieTableViewCell.swift */,
			);
			path = UI;
			sourceTree = "<group>";
		};
		1B40AC0621CD4CBC00C36720 /* Model */ = {
			isa = PBXGroup;
			children = (
				1B40AC0A21CD4CFC00C36720 /* SHLMovie.h */,
				1B40AC0B21CD4CFC00C36720 /* SHLMovie.m */,
			);
			path = Model;
			sourceTree = "<group>";
		};
		1B40AC0821CD4CCF00C36720 /* Model Controllers */ = {
			isa = PBXGroup;
			children = (
				1B40AC0E21CD4D1100C36720 /* SHLMovieController.h */,
				1B40AC0F21CD4D1100C36720 /* SHLMovieController.m */,
			);
			path = "Model Controllers";
			sourceTree = "<group>";
		};
		1B40AC0921CD4CE200C36720 /* View Controllers */ = {
			isa = PBXGroup;
			children = (
				1B40AC1221CD4D3300C36720 /* MovieListTableViewController.swift */,
				1B40AC1821CD74DD00C36720 /* MovieDetailViewController.swift */,
				1B40AC1121CD4D3300C36720 /* MovieSearch_Assessment_ObjC-Bridging-Header.h */,
			);
			path = "View Controllers";
			sourceTree = "<group>";
		};
/* End PBXGroup section */

/* Begin PBXNativeTarget section */
		1B40ABEA21CD483000C36720 /* MovieSearch_Assessment_ObjC */ = {
			isa = PBXNativeTarget;
			buildConfigurationList = 1B40AC0121CD483100C36720 /* Build configuration list for PBXNativeTarget "MovieSearch_Assessment_ObjC" */;
			buildPhases = (
				1B40ABE721CD483000C36720 /* Sources */,
				1B40ABE821CD483000C36720 /* Frameworks */,
				1B40ABE921CD483000C36720 /* Resources */,
			);
			buildRules = (
			);
			dependencies = (
			);
			name = MovieSearch_Assessment_ObjC;
			productName = MovieSearch_Assessment_ObjC;
			productReference = 1B40ABEB21CD483000C36720 /* MovieSearch_Assessment_ObjC.app */;
			productType = "com.apple.product-type.application";
		};
/* End PBXNativeTarget section */

/* Begin PBXProject section */
		1B40ABE321CD483000C36720 /* Project object */ = {
			isa = PBXProject;
			attributes = {
				CLASSPREFIX = SHL;
				LastUpgradeCheck = 1010;
				ORGANIZATIONNAME = "Steve Lederer";
				TargetAttributes = {
					1B40ABEA21CD483000C36720 = {
						CreatedOnToolsVersion = 10.1;
						LastSwiftMigration = 1010;
					};
				};
			};
			buildConfigurationList = 1B40ABE621CD483000C36720 /* Build configuration list for PBXProject "MovieSearch_Assessment_ObjC" */;
			compatibilityVersion = "Xcode 9.3";
			developmentRegion = en;
			hasScannedForEncodings = 0;
			knownRegions = (
				en,
				Base,
			);
			mainGroup = 1B40ABE221CD483000C36720;
			productRefGroup = 1B40ABEC21CD483000C36720 /* Products */;
			projectDirPath = "";
			projectRoot = "";
			targets = (
				1B40ABEA21CD483000C36720 /* MovieSearch_Assessment_ObjC */,
			);
		};
/* End PBXProject section */

/* Begin PBXResourcesBuildPhase section */
		1B40ABE921CD483000C36720 /* Resources */ = {
			isa = PBXResourcesBuildPhase;
			buildActionMask = 2147483647;
			files = (
				1B40ABFB21CD483100C36720 /* LaunchScreen.storyboard in Resources */,
				1B40AC1721CD605A00C36720 /* APIKeys.plist in Resources */,
				1B40ABF821CD483100C36720 /* Assets.xcassets in Resources */,
				1B40ABF621CD483000C36720 /* Main.storyboard in Resources */,
			);
			runOnlyForDeploymentPostprocessing = 0;
		};
/* End PBXResourcesBuildPhase section */

/* Begin PBXSourcesBuildPhase section */
		1B40ABE721CD483000C36720 /* Sources */ = {
			isa = PBXSourcesBuildPhase;
			buildActionMask = 2147483647;
			files = (
				1B40ABFE21CD483100C36720 /* main.m in Sources */,
				1B40AC0C21CD4CFC00C36720 /* SHLMovie.m in Sources */,
				1B40AC1521CD4D4500C36720 /* MovieTableViewCell.swift in Sources */,
				1B40AC1021CD4D1100C36720 /* SHLMovieController.m in Sources */,
				1B40AC1921CD74DD00C36720 /* MovieDetailViewController.swift in Sources */,
				1B40ABF021CD483000C36720 /* AppDelegate.m in Sources */,
				1B40AC1321CD4D3300C36720 /* MovieListTableViewController.swift in Sources */,
			);
			runOnlyForDeploymentPostprocessing = 0;
		};
/* End PBXSourcesBuildPhase section */

/* Begin PBXVariantGroup section */
		1B40ABF421CD483000C36720 /* Main.storyboard */ = {
			isa = PBXVariantGroup;
			children = (
				1B40ABF521CD483000C36720 /* Base */,
			);
			name = Main.storyboard;
			sourceTree = "<group>";
		};
		1B40ABF921CD483100C36720 /* LaunchScreen.storyboard */ = {
			isa = PBXVariantGroup;
			children = (
				1B40ABFA21CD483100C36720 /* Base */,
			);
			name = LaunchScreen.storyboard;
			sourceTree = "<group>";
		};
/* End PBXVariantGroup section */

/* Begin XCBuildConfiguration section */
		1B40ABFF21CD483100C36720 /* Debug */ = {
			isa = XCBuildConfiguration;
			buildSettings = {
				ALWAYS_SEARCH_USER_PATHS = NO;
				CLANG_ANALYZER_NONNULL = YES;
				CLANG_ANALYZER_NUMBER_OBJECT_CONVERSION = YES_AGGRESSIVE;
				CLANG_CXX_LANGUAGE_STANDARD = "gnu++14";
				CLANG_CXX_LIBRARY = "libc++";
				CLANG_ENABLE_MODULES = YES;
				CLANG_ENABLE_OBJC_ARC = YES;
				CLANG_ENABLE_OBJC_WEAK = YES;
				CLANG_WARN_BLOCK_CAPTURE_AUTORELEASING = YES;
				CLANG_WARN_BOOL_CONVERSION = YES;
				CLANG_WARN_COMMA = YES;
				CLANG_WARN_CONSTANT_CONVERSION = YES;
				CLANG_WARN_DEPRECATED_OBJC_IMPLEMENTATIONS = YES;
				CLANG_WARN_DIRECT_OBJC_ISA_USAGE = YES_ERROR;
				CLANG_WARN_DOCUMENTATION_COMMENTS = YES;
				CLANG_WARN_EMPTY_BODY = YES;
				CLANG_WARN_ENUM_CONVERSION = YES;
				CLANG_WARN_INFINITE_RECURSION = YES;
				CLANG_WARN_INT_CONVERSION = YES;
				CLANG_WARN_NON_LITERAL_NULL_CONVERSION = YES;
				CLANG_WARN_OBJC_IMPLICIT_RETAIN_SELF = YES;
				CLANG_WARN_OBJC_LITERAL_CONVERSION = YES;
				CLANG_WARN_OBJC_ROOT_CLASS = YES_ERROR;
				CLANG_WARN_RANGE_LOOP_ANALYSIS = YES;
				CLANG_WARN_STRICT_PROTOTYPES = YES;
				CLANG_WARN_SUSPICIOUS_MOVE = YES;
				CLANG_WARN_UNGUARDED_AVAILABILITY = YES_AGGRESSIVE;
				CLANG_WARN_UNREACHABLE_CODE = YES;
				CLANG_WARN__DUPLICATE_METHOD_MATCH = YES;
				CODE_SIGN_IDENTITY = "iPhone Developer";
				COPY_PHASE_STRIP = NO;
				DEBUG_INFORMATION_FORMAT = dwarf;
				ENABLE_STRICT_OBJC_MSGSEND = YES;
				ENABLE_TESTABILITY = YES;
				GCC_C_LANGUAGE_STANDARD = gnu11;
				GCC_DYNAMIC_NO_PIC = NO;
				GCC_NO_COMMON_BLOCKS = YES;
				GCC_OPTIMIZATION_LEVEL = 0;
				GCC_PREPROCESSOR_DEFINITIONS = (
					"DEBUG=1",
					"$(inherited)",
				);
				GCC_WARN_64_TO_32_BIT_CONVERSION = YES;
				GCC_WARN_ABOUT_RETURN_TYPE = YES_ERROR;
				GCC_WARN_UNDECLARED_SELECTOR = YES;
				GCC_WARN_UNINITIALIZED_AUTOS = YES_AGGRESSIVE;
				GCC_WARN_UNUSED_FUNCTION = YES;
				GCC_WARN_UNUSED_VARIABLE = YES;
				IPHONEOS_DEPLOYMENT_TARGET = 12.1;
				MTL_ENABLE_DEBUG_INFO = INCLUDE_SOURCE;
				MTL_FAST_MATH = YES;
				ONLY_ACTIVE_ARCH = YES;
				SDKROOT = iphoneos;
			};
			name = Debug;
		};
		1B40AC0021CD483100C36720 /* Release */ = {
			isa = XCBuildConfiguration;
			buildSettings = {
				ALWAYS_SEARCH_USER_PATHS = NO;
				CLANG_ANALYZER_NONNULL = YES;
				CLANG_ANALYZER_NUMBER_OBJECT_CONVERSION = YES_AGGRESSIVE;
				CLANG_CXX_LANGUAGE_STANDARD = "gnu++14";
				CLANG_CXX_LIBRARY = "libc++";
				CLANG_ENABLE_MODULES = YES;
				CLANG_ENABLE_OBJC_ARC = YES;
				CLANG_ENABLE_OBJC_WEAK = YES;
				CLANG_WARN_BLOCK_CAPTURE_AUTORELEASING = YES;
				CLANG_WARN_BOOL_CONVERSION = YES;
				CLANG_WARN_COMMA = YES;
				CLANG_WARN_CONSTANT_CONVERSION = YES;
				CLANG_WARN_DEPRECATED_OBJC_IMPLEMENTATIONS = YES;
				CLANG_WARN_DIRECT_OBJC_ISA_USAGE = YES_ERROR;
				CLANG_WARN_DOCUMENTATION_COMMENTS = YES;
				CLANG_WARN_EMPTY_BODY = YES;
				CLANG_WARN_ENUM_CONVERSION = YES;
				CLANG_WARN_INFINITE_RECURSION = YES;
				CLANG_WARN_INT_CONVERSION = YES;
				CLANG_WARN_NON_LITERAL_NULL_CONVERSION = YES;
				CLANG_WARN_OBJC_IMPLICIT_RETAIN_SELF = YES;
				CLANG_WARN_OBJC_LITERAL_CONVERSION = YES;
				CLANG_WARN_OBJC_ROOT_CLASS = YES_ERROR;
				CLANG_WARN_RANGE_LOOP_ANALYSIS = YES;
				CLANG_WARN_STRICT_PROTOTYPES = YES;
				CLANG_WARN_SUSPICIOUS_MOVE = YES;
				CLANG_WARN_UNGUARDED_AVAILABILITY = YES_AGGRESSIVE;
				CLANG_WARN_UNREACHABLE_CODE = YES;
				CLANG_WARN__DUPLICATE_METHOD_MATCH = YES;
				CODE_SIGN_IDENTITY = "iPhone Developer";
				COPY_PHASE_STRIP = NO;
				DEBUG_INFORMATION_FORMAT = "dwarf-with-dsym";
				ENABLE_NS_ASSERTIONS = NO;
				ENABLE_STRICT_OBJC_MSGSEND = YES;
				GCC_C_LANGUAGE_STANDARD = gnu11;
				GCC_NO_COMMON_BLOCKS = YES;
				GCC_WARN_64_TO_32_BIT_CONVERSION = YES;
				GCC_WARN_ABOUT_RETURN_TYPE = YES_ERROR;
				GCC_WARN_UNDECLARED_SELECTOR = YES;
				GCC_WARN_UNINITIALIZED_AUTOS = YES_AGGRESSIVE;
				GCC_WARN_UNUSED_FUNCTION = YES;
				GCC_WARN_UNUSED_VARIABLE = YES;
				IPHONEOS_DEPLOYMENT_TARGET = 12.1;
				MTL_ENABLE_DEBUG_INFO = NO;
				MTL_FAST_MATH = YES;
				SDKROOT = iphoneos;
				VALIDATE_PRODUCT = YES;
			};
			name = Release;
		};
		1B40AC0221CD483100C36720 /* Debug */ = {
			isa = XCBuildConfiguration;
			buildSettings = {
				ASSETCATALOG_COMPILER_APPICON_NAME = AppIcon;
				CLANG_ENABLE_MODULES = YES;
				CODE_SIGN_STYLE = Automatic;
				DEVELOPMENT_TEAM = 56CLV9J785;
				INFOPLIST_FILE = "$(SRCROOT)/MovieSearch_Assessment_ObjC/Resources/Info.plist";
				LD_RUNPATH_SEARCH_PATHS = (
					"$(inherited)",
					"@executable_path/Frameworks",
				);
				PRODUCT_BUNDLE_IDENTIFIER = "com.stevelederer.MovieSearch-Assessment-ObjC";
				PRODUCT_NAME = "$(TARGET_NAME)";
				SWIFT_OBJC_BRIDGING_HEADER = "MovieSearch_Assessment_ObjC/View Controllers/MovieSearch_Assessment_ObjC-Bridging-Header.h";
				SWIFT_OPTIMIZATION_LEVEL = "-Onone";
				SWIFT_VERSION = 4.2;
				TARGETED_DEVICE_FAMILY = "1,2";
			};
			name = Debug;
		};
		1B40AC0321CD483100C36720 /* Release */ = {
			isa = XCBuildConfiguration;
			buildSettings = {
				ASSETCATALOG_COMPILER_APPICON_NAME = AppIcon;
				CLANG_ENABLE_MODULES = YES;
				CODE_SIGN_STYLE = Automatic;
				DEVELOPMENT_TEAM = 56CLV9J785;
				INFOPLIST_FILE = "$(SRCROOT)/MovieSearch_Assessment_ObjC/Resources/Info.plist";
				LD_RUNPATH_SEARCH_PATHS = (
					"$(inherited)",
					"@executable_path/Frameworks",
				);
				PRODUCT_BUNDLE_IDENTIFIER = "com.stevelederer.MovieSearch-Assessment-ObjC";
				PRODUCT_NAME = "$(TARGET_NAME)";
				SWIFT_OBJC_BRIDGING_HEADER = "MovieSearch_Assessment_ObjC/View Controllers/MovieSearch_Assessment_ObjC-Bridging-Header.h";
				SWIFT_VERSION = 4.2;
				TARGETED_DEVICE_FAMILY = "1,2";
			};
			name = Release;
		};
/* End XCBuildConfiguration section */

/* Begin XCConfigurationList section */
		1B40ABE621CD483000C36720 /* Build configuration list for PBXProject "MovieSearch_Assessment_ObjC" */ = {
			isa = XCConfigurationList;
			buildConfigurations = (
				1B40ABFF21CD483100C36720 /* Debug */,
				1B40AC0021CD483100C36720 /* Release */,
			);
			defaultConfigurationIsVisible = 0;
			defaultConfigurationName = Release;
		};
		1B40AC0121CD483100C36720 /* Build configuration list for PBXNativeTarget "MovieSearch_Assessment_ObjC" */ = {
			isa = XCConfigurationList;
			buildConfigurations = (
				1B40AC0221CD483100C36720 /* Debug */,
				1B40AC0321CD483100C36720 /* Release */,
			);
			defaultConfigurationIsVisible = 0;
			defaultConfigurationName = Release;
		};
/* End XCConfigurationList section */
	};
	rootObject = 1B40ABE321CD483000C36720 /* Project object */;
}
